
Microsoft Visual Studio Solution File, Format Version 12.00
# Visual Studio Version 16
VisualStudioVersion = 16.0.30002.166
MinimumVisualStudioVersion = 10.0.40219.1
Project("{FAE04EC0-301F-11D3-BF4B-00C04F79EFBC}") = "WPF_Calculator", "WPF_Calculator\WPF_Calculator.csproj", "{BC1864EC-0F7E-43E3-A5DB-C70D612BD2CB}"
EndProject
Global
	GlobalSection(SolutionConfigurationPlatforms) = preSolution
		Debug|Any CPU = Debug|Any CPU
		Release|Any CPU = Release|Any CPU
	EndGlobalSection
	GlobalSection(ProjectConfigurationPlatforms) = postSolution
		{BC1864EC-0F7E-43E3-A5DB-C70D612BD2CB}.Debug|Any CPU.ActiveCfg = Debug|Any CPU
		{BC1864EC-0F7E-43E3-A5DB-C70D612BD2CB}.Debug|Any CPU.Build.0 = Debug|Any CPU
		{BC1864EC-0F7E-43E3-A5DB-C70D612BD2CB}.Release|Any CPU.ActiveCfg = Release|Any CPU
		{BC1864EC-0F7E-43E3-A5DB-C70D612BD2CB}.Release|Any CPU.Build.0 = Release|Any CPU
	EndGlobalSection
	GlobalSection(SolutionProperties) = preSolution
		HideSolutionNode = FALSE
	EndGlobalSection
	GlobalSection(ExtensibilityGlobals) = postSolution
		SolutionGuid = {E31A82A1-790A-419A-8264-1D20E33E7B59}
	EndGlobalSection
EndGlobal
